
Microsoft Visual Studio Solution File, Format Version 12.00
# Visual Studio Version 17
VisualStudioVersion = 17.0.31903.59
MinimumVisualStudioVersion = 10.0.40219.1
Project("{FAE04EC0-301F-11D3-BF4B-00C04F79EFBC}") = "Software", "Software\Software.csproj", "{87FF5281-674B-48A1-9C6E-1EC23690864B}"
EndProject
Project("{9A19103F-16F7-4668-BE54-9A1E7A4F7556}") = "TestProject", "TestProject\TestProject.csproj", "{E28294CE-19F2-4C16-A9F5-2E6F79F50ED1}"
EndProject
Global
	GlobalSection(SolutionConfigurationPlatforms) = preSolution
		Debug|Any CPU = Debug|Any CPU
		Release|Any CPU = Release|Any CPU
	EndGlobalSection
	GlobalSection(ProjectConfigurationPlatforms) = postSolution
		{87FF5281-674B-48A1-9C6E-1EC23690864B}.Debug|Any CPU.ActiveCfg = Debug|Any CPU
		{87FF5281-674B-48A1-9C6E-1EC23690864B}.Debug|Any CPU.Build.0 = Debug|Any CPU
		{87FF5281-674B-48A1-9C6E-1EC23690864B}.Release|Any CPU.ActiveCfg = Release|Any CPU
		{87FF5281-674B-48A1-9C6E-1EC23690864B}.Release|Any CPU.Build.0 = Release|Any CPU
		{E28294CE-19F2-4C16-A9F5-2E6F79F50ED1}.Debug|Any CPU.ActiveCfg = Debug|Any CPU
		{E28294CE-19F2-4C16-A9F5-2E6F79F50ED1}.Debug|Any CPU.Build.0 = Debug|Any CPU
		{E28294CE-19F2-4C16-A9F5-2E6F79F50ED1}.Release|Any CPU.ActiveCfg = Release|Any CPU
		{E28294CE-19F2-4C16-A9F5-2E6F79F50ED1}.Release|Any CPU.Build.0 = Release|Any CPU
	EndGlobalSection
	GlobalSection(SolutionProperties) = preSolution
		HideSolutionNode = FALSE
	EndGlobalSection
	GlobalSection(ExtensibilityGlobals) = postSolution
		SolutionGuid = {BBB4FB1D-D753-45F8-B1B3-2675FCBB1B87}
	EndGlobalSection
EndGlobal
